
Microsoft Visual Studio Solution File, Format Version 12.00
# Visual Studio 14
VisualStudioVersion = 14.0.25123.0
MinimumVisualStudioVersion = 10.0.40219.1
Project("{FAE04EC0-301F-11D3-BF4B-00C04F79EFBC}") = "xmarine_commerce.Droid", "xmarine_commerce\xmarine_commerce.Droid\xmarine_commerce.Droid.csproj", "{FE97DC2E-CB50-4F2E-AD2A-41401FEC43E7}"
EndProject
Project("{FAE04EC0-301F-11D3-BF4B-00C04F79EFBC}") = "xmarine_commerce.iOS", "xmarine_commerce\xmarine_commerce.iOS\xmarine_commerce.iOS.csproj", "{2C13731F-D370-43B8-8E0B-D55D1113AE19}"
EndProject
Project("{FAE04EC0-301F-11D3-BF4B-00C04F79EFBC}") = "xmarine_commerce.WinPhone", "xmarine_commerce\xmarine_commerce.WinPhone\xmarine_commerce.WinPhone.csproj", "{5D91C1C5-AF6D-4967-BBEC-17B0546992AF}"
EndProject
Project("{FAE04EC0-301F-11D3-BF4B-00C04F79EFBC}") = "xmarine_commerce.UWP", "xmarine_commerce\xmarine_commerce.UWP\xmarine_commerce.UWP.csproj", "{50025B0D-113B-45CD-B29B-4A374549657C}"
EndProject
Project("{FAE04EC0-301F-11D3-BF4B-00C04F79EFBC}") = "xmarine_commerce.Windows", "xmarine_commerce\xmarine_commerce.Windows\xmarine_commerce.Windows.csproj", "{A337B0F3-7C7D-4FA2-848F-F95184BA044B}"
EndProject
Project("{D954291E-2A0B-460D-934E-DC6B0785DB48}") = "xmarine_commerce", "xmarine_commerce\xmarine_commerce\xmarine_commerce.shproj", "{E0097A11-61A4-4BC2-8F4B-07C50B2E2D81}"
EndProject
Global
	GlobalSection(SharedMSBuildProjectFiles) = preSolution
		xmarine_commerce\xmarine_commerce\xmarine_commerce.projitems*{e0097a11-61a4-4bc2-8f4b-07c50b2e2d81}*SharedItemsImports = 13
	EndGlobalSection
	GlobalSection(SolutionConfigurationPlatforms) = preSolution
		Ad-Hoc|Any CPU = Ad-Hoc|Any CPU
		Ad-Hoc|ARM = Ad-Hoc|ARM
		Ad-Hoc|iPhone = Ad-Hoc|iPhone
		Ad-Hoc|iPhoneSimulator = Ad-Hoc|iPhoneSimulator
		Ad-Hoc|x64 = Ad-Hoc|x64
		Ad-Hoc|x86 = Ad-Hoc|x86
		AppStore|Any CPU = AppStore|Any CPU
		AppStore|ARM = AppStore|ARM
		AppStore|iPhone = AppStore|iPhone
		AppStore|iPhoneSimulator = AppStore|iPhoneSimulator
		AppStore|x64 = AppStore|x64
		AppStore|x86 = AppStore|x86
		Debug|Any CPU = Debug|Any CPU
		Debug|ARM = Debug|ARM
		Debug|iPhone = Debug|iPhone
		Debug|iPhoneSimulator = Debug|iPhoneSimulator
		Debug|x64 = Debug|x64
		Debug|x86 = Debug|x86
		Release|Any CPU = Release|Any CPU
		Release|ARM = Release|ARM
		Release|iPhone = Release|iPhone
		Release|iPhoneSimulator = Release|iPhoneSimulator
		Release|x64 = Release|x64
		Release|x86 = Release|x86
	EndGlobalSection
	GlobalSection(ProjectConfigurationPlatforms) = postSolution
		{FE97DC2E-CB50-4F2E-AD2A-41401FEC43E7}.Ad-Hoc|Any CPU.ActiveCfg = Release|Any CPU
		{FE97DC2E-CB50-4F2E-AD2A-41401FEC43E7}.Ad-Hoc|Any CPU.Build.0 = Release|Any CPU
		{FE97DC2E-CB50-4F2E-AD2A-41401FEC43E7}.Ad-Hoc|Any CPU.Deploy.0 = Release|Any CPU
		{FE97DC2E-CB50-4F2E-AD2A-41401FEC43E7}.Ad-Hoc|ARM.ActiveCfg = Release|Any CPU
		{FE97DC2E-CB50-4F2E-AD2A-41401FEC43E7}.Ad-Hoc|ARM.Build.0 = Release|Any CPU
		{FE97DC2E-CB50-4F2E-AD2A-41401FEC43E7}.Ad-Hoc|ARM.Deploy.0 = Release|Any CPU
		{FE97DC2E-CB50-4F2E-AD2A-41401FEC43E7}.Ad-Hoc|iPhone.ActiveCfg = Release|Any CPU
		{FE97DC2E-CB50-4F2E-AD2A-41401FEC43E7}.Ad-Hoc|iPhone.Build.0 = Release|Any CPU
		{FE97DC2E-CB50-4F2E-AD2A-41401FEC43E7}.Ad-Hoc|iPhone.Deploy.0 = Release|Any CPU
		{FE97DC2E-CB50-4F2E-AD2A-41401FEC43E7}.Ad-Hoc|iPhoneSimulator.ActiveCfg = Release|Any CPU
		{FE97DC2E-CB50-4F2E-AD2A-41401FEC43E7}.Ad-Hoc|iPhoneSimulator.Build.0 = Release|Any CPU
		{FE97DC2E-CB50-4F2E-AD2A-41401FEC43E7}.Ad-Hoc|iPhoneSimulator.Deploy.0 = Release|Any CPU
		{FE97DC2E-CB50-4F2E-AD2A-41401FEC43E7}.Ad-Hoc|x64.ActiveCfg = Release|Any CPU
		{FE97DC2E-CB50-4F2E-AD2A-41401FEC43E7}.Ad-Hoc|x64.Build.0 = Release|Any CPU
		{FE97DC2E-CB50-4F2E-AD2A-41401FEC43E7}.Ad-Hoc|x64.Deploy.0 = Release|Any CPU
		{FE97DC2E-CB50-4F2E-AD2A-41401FEC43E7}.Ad-Hoc|x86.ActiveCfg = Release|Any CPU
		{FE97DC2E-CB50-4F2E-AD2A-41401FEC43E7}.Ad-Hoc|x86.Build.0 = Release|Any CPU
		{FE97DC2E-CB50-4F2E-AD2A-41401FEC43E7}.Ad-Hoc|x86.Deploy.0 = Release|Any CPU
		{FE97DC2E-CB50-4F2E-AD2A-41401FEC43E7}.AppStore|Any CPU.ActiveCfg = Release|Any CPU
		{FE97DC2E-CB50-4F2E-AD2A-41401FEC43E7}.AppStore|Any CPU.Build.0 = Release|Any CPU
		{FE97DC2E-CB50-4F2E-AD2A-41401FEC43E7}.AppStore|Any CPU.Deploy.0 = Release|Any CPU
		{FE97DC2E-CB50-4F2E-AD2A-41401FEC43E7}.AppStore|ARM.ActiveCfg = Release|Any CPU
		{FE97DC2E-CB50-4F2E-AD2A-41401FEC43E7}.AppStore|ARM.Build.0 = Release|Any CPU
		{FE97DC2E-CB50-4F2E-AD2A-41401FEC43E7}.AppStore|ARM.Deploy.0 = Release|Any CPU
		{FE97DC2E-CB50-4F2E-AD2A-41401FEC43E7}.AppStore|iPhone.ActiveCfg = Release|Any CPU
		{FE97DC2E-CB50-4F2E-AD2A-41401FEC43E7}.AppStore|iPhone.Build.0 = Release|Any CPU
		{FE97DC2E-CB50-4F2E-AD2A-41401FEC43E7}.AppStore|iPhone.Deploy.0 = Release|Any CPU
		{FE97DC2E-CB50-4F2E-AD2A-41401FEC43E7}.AppStore|iPhoneSimulator.ActiveCfg = Release|Any CPU
		{FE97DC2E-CB50-4F2E-AD2A-41401FEC43E7}.AppStore|iPhoneSimulator.Build.0 = Release|Any CPU
		{FE97DC2E-CB50-4F2E-AD2A-41401FEC43E7}.AppStore|iPhoneSimulator.Deploy.0 = Release|Any CPU
		{FE97DC2E-CB50-4F2E-AD2A-41401FEC43E7}.AppStore|x64.ActiveCfg = Release|Any CPU
		{FE97DC2E-CB50-4F2E-AD2A-41401FEC43E7}.AppStore|x64.Build.0 = Release|Any CPU
		{FE97DC2E-CB50-4F2E-AD2A-41401FEC43E7}.AppStore|x64.Deploy.0 = Release|Any CPU
		{FE97DC2E-CB50-4F2E-AD2A-41401FEC43E7}.AppStore|x86.ActiveCfg = Release|Any CPU
		{FE97DC2E-CB50-4F2E-AD2A-41401FEC43E7}.AppStore|x86.Build.0 = Release|Any CPU
		{FE97DC2E-CB50-4F2E-AD2A-41401FEC43E7}.AppStore|x86.Deploy.0 = Release|Any CPU
		{FE97DC2E-CB50-4F2E-AD2A-41401FEC43E7}.Debug|Any CPU.ActiveCfg = Debug|Any CPU
		{FE97DC2E-CB50-4F2E-AD2A-41401FEC43E7}.Debug|Any CPU.Build.0 = Debug|Any CPU
		{FE97DC2E-CB50-4F2E-AD2A-41401FEC43E7}.Debug|Any CPU.Deploy.0 = Debug|Any CPU
		{FE97DC2E-CB50-4F2E-AD2A-41401FEC43E7}.Debug|ARM.ActiveCfg = Debug|Any CPU
		{FE97DC2E-CB50-4F2E-AD2A-41401FEC43E7}.Debug|ARM.Build.0 = Debug|Any CPU
		{FE97DC2E-CB50-4F2E-AD2A-41401FEC43E7}.Debug|ARM.Deploy.0 = Debug|Any CPU
		{FE97DC2E-CB50-4F2E-AD2A-41401FEC43E7}.Debug|iPhone.ActiveCfg = Debug|Any CPU
		{FE97DC2E-CB50-4F2E-AD2A-41401FEC43E7}.Debug|iPhone.Build.0 = Debug|Any CPU
		{FE97DC2E-CB50-4F2E-AD2A-41401FEC43E7}.Debug|iPhone.Deploy.0 = Debug|Any CPU
		{FE97DC2E-CB50-4F2E-AD2A-41401FEC43E7}.Debug|iPhoneSimulator.ActiveCfg = Debug|Any CPU
		{FE97DC2E-CB50-4F2E-AD2A-41401FEC43E7}.Debug|iPhoneSimulator.Build.0 = Debug|Any CPU
		{FE97DC2E-CB50-4F2E-AD2A-41401FEC43E7}.Debug|iPhoneSimulator.Deploy.0 = Debug|Any CPU
		{FE97DC2E-CB50-4F2E-AD2A-41401FEC43E7}.Debug|x64.ActiveCfg = Debug|Any CPU
		{FE97DC2E-CB50-4F2E-AD2A-41401FEC43E7}.Debug|x64.Build.0 = Debug|Any CPU
		{FE97DC2E-CB50-4F2E-AD2A-41401FEC43E7}.Debug|x64.Deploy.0 = Debug|Any CPU
		{FE97DC2E-CB50-4F2E-AD2A-41401FEC43E7}.Debug|x86.ActiveCfg = Debug|Any CPU
		{FE97DC2E-CB50-4F2E-AD2A-41401FEC43E7}.Debug|x86.Build.0 = Debug|Any CPU
		{FE97DC2E-CB50-4F2E-AD2A-41401FEC43E7}.Debug|x86.Deploy.0 = Debug|Any CPU
		{FE97DC2E-CB50-4F2E-AD2A-41401FEC43E7}.Release|Any CPU.ActiveCfg = Release|Any CPU
		{FE97DC2E-CB50-4F2E-AD2A-41401FEC43E7}.Release|Any CPU.Build.0 = Release|Any CPU
		{FE97DC2E-CB50-4F2E-AD2A-41401FEC43E7}.Release|Any CPU.Deploy.0 = Release|Any CPU
		{FE97DC2E-CB50-4F2E-AD2A-41401FEC43E7}.Release|ARM.ActiveCfg = Release|Any CPU
		{FE97DC2E-CB50-4F2E-AD2A-41401FEC43E7}.Release|ARM.Build.0 = Release|Any CPU
		{FE97DC2E-CB50-4F2E-AD2A-41401FEC43E7}.Release|ARM.Deploy.0 = Release|Any CPU
		{FE97DC2E-CB50-4F2E-AD2A-41401FEC43E7}.Release|iPhone.ActiveCfg = Release|Any CPU
		{FE97DC2E-CB50-4F2E-AD2A-41401FEC43E7}.Release|iPhone.Build.0 = Release|Any CPU
		{FE97DC2E-CB50-4F2E-AD2A-41401FEC43E7}.Release|iPhone.Deploy.0 = Release|Any CPU
		{FE97DC2E-CB50-4F2E-AD2A-41401FEC43E7}.Release|iPhoneSimulator.ActiveCfg = Release|Any CPU
		{FE97DC2E-CB50-4F2E-AD2A-41401FEC43E7}.Release|iPhoneSimulator.Build.0 = Release|Any CPU
		{FE97DC2E-CB50-4F2E-AD2A-41401FEC43E7}.Release|iPhoneSimulator.Deploy.0 = Release|Any CPU
		{FE97DC2E-CB50-4F2E-AD2A-41401FEC43E7}.Release|x64.ActiveCfg = Release|Any CPU
		{FE97DC2E-CB50-4F2E-AD2A-41401FEC43E7}.Release|x64.Build.0 = Release|Any CPU
		{FE97DC2E-CB50-4F2E-AD2A-41401FEC43E7}.Release|x64.Deploy.0 = Release|Any CPU
		{FE97DC2E-CB50-4F2E-AD2A-41401FEC43E7}.Release|x86.ActiveCfg = Release|Any CPU
		{FE97DC2E-CB50-4F2E-AD2A-41401FEC43E7}.Release|x86.Build.0 = Release|Any CPU
		{FE97DC2E-CB50-4F2E-AD2A-41401FEC43E7}.Release|x86.Deploy.0 = Release|Any CPU
		{2C13731F-D370-43B8-8E0B-D55D1113AE19}.Ad-Hoc|Any CPU.ActiveCfg = Ad-Hoc|iPhone
		{2C13731F-D370-43B8-8E0B-D55D1113AE19}.Ad-Hoc|ARM.ActiveCfg = Ad-Hoc|iPhone
		{2C13731F-D370-43B8-8E0B-D55D1113AE19}.Ad-Hoc|iPhone.ActiveCfg = Ad-Hoc|iPhone
		{2C13731F-D370-43B8-8E0B-D55D1113AE19}.Ad-Hoc|iPhone.Build.0 = Ad-Hoc|iPhone
		{2C13731F-D370-43B8-8E0B-D55D1113AE19}.Ad-Hoc|iPhoneSimulator.ActiveCfg = Ad-Hoc|iPhoneSimulator
		{2C13731F-D370-43B8-8E0B-D55D1113AE19}.Ad-Hoc|iPhoneSimulator.Build.0 = Ad-Hoc|iPhoneSimulator
		{2C13731F-D370-43B8-8E0B-D55D1113AE19}.Ad-Hoc|x64.ActiveCfg = Ad-Hoc|iPhone
		{2C13731F-D370-43B8-8E0B-D55D1113AE19}.Ad-Hoc|x86.ActiveCfg = Ad-Hoc|iPhone
		{2C13731F-D370-43B8-8E0B-D55D1113AE19}.AppStore|Any CPU.ActiveCfg = AppStore|iPhone
		{2C13731F-D370-43B8-8E0B-D55D1113AE19}.AppStore|ARM.ActiveCfg = AppStore|iPhone
		{2C13731F-D370-43B8-8E0B-D55D1113AE19}.AppStore|iPhone.ActiveCfg = AppStore|iPhone
		{2C13731F-D370-43B8-8E0B-D55D1113AE19}.AppStore|iPhone.Build.0 = AppStore|iPhone
		{2C13731F-D370-43B8-8E0B-D55D1113AE19}.AppStore|iPhoneSimulator.ActiveCfg = AppStore|iPhoneSimulator
		{2C13731F-D370-43B8-8E0B-D55D1113AE19}.AppStore|iPhoneSimulator.Build.0 = AppStore|iPhoneSimulator
		{2C13731F-D370-43B8-8E0B-D55D1113AE19}.AppStore|x64.ActiveCfg = AppStore|iPhone
		{2C13731F-D370-43B8-8E0B-D55D1113AE19}.AppStore|x86.ActiveCfg = AppStore|iPhone
		{2C13731F-D370-43B8-8E0B-D55D1113AE19}.Debug|Any CPU.ActiveCfg = Debug|iPhone
		{2C13731F-D370-43B8-8E0B-D55D1113AE19}.Debug|ARM.ActiveCfg = Debug|iPhone
		{2C13731F-D370-43B8-8E0B-D55D1113AE19}.Debug|iPhone.ActiveCfg = Debug|iPhone
		{2C13731F-D370-43B8-8E0B-D55D1113AE19}.Debug|iPhone.Build.0 = Debug|iPhone
		{2C13731F-D370-43B8-8E0B-D55D1113AE19}.Debug|iPhoneSimulator.ActiveCfg = Debug|iPhoneSimulator
		{2C13731F-D370-43B8-8E0B-D55D1113AE19}.Debug|iPhoneSimulator.Build.0 = Debug|iPhoneSimulator
		{2C13731F-D370-43B8-8E0B-D55D1113AE19}.Debug|x64.ActiveCfg = Debug|iPhone
		{2C13731F-D370-43B8-8E0B-D55D1113AE19}.Debug|x86.ActiveCfg = Debug|iPhone
		{2C13731F-D370-43B8-8E0B-D55D1113AE19}.Release|Any CPU.ActiveCfg = Release|iPhone
		{2C13731F-D370-43B8-8E0B-D55D1113AE19}.Release|ARM.ActiveCfg = Release|iPhone
		{2C13731F-D370-43B8-8E0B-D55D1113AE19}.Release|iPhone.ActiveCfg = Release|iPhone
		{2C13731F-D370-43B8-8E0B-D55D1113AE19}.Release|iPhone.Build.0 = Release|iPhone
		{2C13731F-D370-43B8-8E0B-D55D1113AE19}.Release|iPhoneSimulator.ActiveCfg = Release|iPhoneSimulator
		{2C13731F-D370-43B8-8E0B-D55D1113AE19}.Release|iPhoneSimulator.Build.0 = Release|iPhoneSimulator
		{2C13731F-D370-43B8-8E0B-D55D1113AE19}.Release|x64.ActiveCfg = Release|iPhone
		{2C13731F-D370-43B8-8E0B-D55D1113AE19}.Release|x86.ActiveCfg = Release|iPhone
		{5D91C1C5-AF6D-4967-BBEC-17B0546992AF}.Ad-Hoc|Any CPU.ActiveCfg = Release|Any CPU
		{5D91C1C5-AF6D-4967-BBEC-17B0546992AF}.Ad-Hoc|Any CPU.Build.0 = Release|Any CPU
		{5D91C1C5-AF6D-4967-BBEC-17B0546992AF}.Ad-Hoc|Any CPU.Deploy.0 = Release|Any CPU
		{5D91C1C5-AF6D-4967-BBEC-17B0546992AF}.Ad-Hoc|ARM.ActiveCfg = Release|ARM
		{5D91C1C5-AF6D-4967-BBEC-17B0546992AF}.Ad-Hoc|ARM.Build.0 = Release|ARM
		{5D91C1C5-AF6D-4967-BBEC-17B0546992AF}.Ad-Hoc|ARM.Deploy.0 = Release|ARM
		{5D91C1C5-AF6D-4967-BBEC-17B0546992AF}.Ad-Hoc|iPhone.ActiveCfg = Release|Any CPU
		{5D91C1C5-AF6D-4967-BBEC-17B0546992AF}.Ad-Hoc|iPhone.Build.0 = Release|Any CPU
		{5D91C1C5-AF6D-4967-BBEC-17B0546992AF}.Ad-Hoc|iPhone.Deploy.0 = Release|Any CPU
		{5D91C1C5-AF6D-4967-BBEC-17B0546992AF}.Ad-Hoc|iPhoneSimulator.ActiveCfg = Release|Any CPU
		{5D91C1C5-AF6D-4967-BBEC-17B0546992AF}.Ad-Hoc|iPhoneSimulator.Build.0 = Release|Any CPU
		{5D91C1C5-AF6D-4967-BBEC-17B0546992AF}.Ad-Hoc|iPhoneSimulator.Deploy.0 = Release|Any CPU
		{5D91C1C5-AF6D-4967-BBEC-17B0546992AF}.Ad-Hoc|x64.ActiveCfg = Release|Any CPU
		{5D91C1C5-AF6D-4967-BBEC-17B0546992AF}.Ad-Hoc|x64.Build.0 = Release|Any CPU
		{5D91C1C5-AF6D-4967-BBEC-17B0546992AF}.Ad-Hoc|x64.Deploy.0 = Release|Any CPU
		{5D91C1C5-AF6D-4967-BBEC-17B0546992AF}.Ad-Hoc|x86.ActiveCfg = Release|x86
		{5D91C1C5-AF6D-4967-BBEC-17B0546992AF}.Ad-Hoc|x86.Build.0 = Release|x86
		{5D91C1C5-AF6D-4967-BBEC-17B0546992AF}.Ad-Hoc|x86.Deploy.0 = Release|x86
		{5D91C1C5-AF6D-4967-BBEC-17B0546992AF}.AppStore|Any CPU.ActiveCfg = Release|Any CPU
		{5D91C1C5-AF6D-4967-BBEC-17B0546992AF}.AppStore|Any CPU.Build.0 = Release|Any CPU
		{5D91C1C5-AF6D-4967-BBEC-17B0546992AF}.AppStore|Any CPU.Deploy.0 = Release|Any CPU
		{5D91C1C5-AF6D-4967-BBEC-17B0546992AF}.AppStore|ARM.ActiveCfg = Release|ARM
		{5D91C1C5-AF6D-4967-BBEC-17B0546992AF}.AppStore|ARM.Build.0 = Release|ARM
		{5D91C1C5-AF6D-4967-BBEC-17B0546992AF}.AppStore|ARM.Deploy.0 = Release|ARM
		{5D91C1C5-AF6D-4967-BBEC-17B0546992AF}.AppStore|iPhone.ActiveCfg = Release|Any CPU
		{5D91C1C5-AF6D-4967-BBEC-17B0546992AF}.AppStore|iPhone.Build.0 = Release|Any CPU
		{5D91C1C5-AF6D-4967-BBEC-17B0546992AF}.AppStore|iPhone.Deploy.0 = Release|Any CPU
		{5D91C1C5-AF6D-4967-BBEC-17B0546992AF}.AppStore|iPhoneSimulator.ActiveCfg = Release|Any CPU
		{5D91C1C5-AF6D-4967-BBEC-17B0546992AF}.AppStore|iPhoneSimulator.Build.0 = Release|Any CPU
		{5D91C1C5-AF6D-4967-BBEC-17B0546992AF}.AppStore|iPhoneSimulator.Deploy.0 = Release|Any CPU
		{5D91C1C5-AF6D-4967-BBEC-17B0546992AF}.AppStore|x64.ActiveCfg = Release|Any CPU
		{5D91C1C5-AF6D-4967-BBEC-17B0546992AF}.AppStore|x64.Build.0 = Release|Any CPU
		{5D91C1C5-AF6D-4967-BBEC-17B0546992AF}.AppStore|x64.Deploy.0 = Release|Any CPU
		{5D91C1C5-AF6D-4967-BBEC-17B0546992AF}.AppStore|x86.ActiveCfg = Release|x86
		{5D91C1C5-AF6D-4967-BBEC-17B0546992AF}.AppStore|x86.Build.0 = Release|x86
		{5D91C1C5-AF6D-4967-BBEC-17B0546992AF}.AppStore|x86.Deploy.0 = Release|x86
		{5D91C1C5-AF6D-4967-BBEC-17B0546992AF}.Debug|Any CPU.ActiveCfg = Debug|Any CPU
		{5D91C1C5-AF6D-4967-BBEC-17B0546992AF}.Debug|Any CPU.Build.0 = Debug|Any CPU
		{5D91C1C5-AF6D-4967-BBEC-17B0546992AF}.Debug|Any CPU.Deploy.0 = Debug|Any CPU
		{5D91C1C5-AF6D-4967-BBEC-17B0546992AF}.Debug|ARM.ActiveCfg = Debug|ARM
		{5D91C1C5-AF6D-4967-BBEC-17B0546992AF}.Debug|ARM.Build.0 = Debug|ARM
		{5D91C1C5-AF6D-4967-BBEC-17B0546992AF}.Debug|ARM.Deploy.0 = Debug|ARM
		{5D91C1C5-AF6D-4967-BBEC-17B0546992AF}.Debug|iPhone.ActiveCfg = Debug|Any CPU
		{5D91C1C5-AF6D-4967-BBEC-17B0546992AF}.Debug|iPhone.Build.0 = Debug|Any CPU
		{5D91C1C5-AF6D-4967-BBEC-17B0546992AF}.Debug|iPhone.Deploy.0 = Debug|Any CPU
		{5D91C1C5-AF6D-4967-BBEC-17B0546992AF}.Debug|iPhoneSimulator.ActiveCfg = Debug|Any CPU
		{5D91C1C5-AF6D-4967-BBEC-17B0546992AF}.Debug|iPhoneSimulator.Build.0 = Debug|Any CPU
		{5D91C1C5-AF6D-4967-BBEC-17B0546992AF}.Debug|iPhoneSimulator.Deploy.0 = Debug|Any CPU
		{5D91C1C5-AF6D-4967-BBEC-17B0546992AF}.Debug|x64.ActiveCfg = Debug|Any CPU
		{5D91C1C5-AF6D-4967-BBEC-17B0546992AF}.Debug|x64.Build.0 = Debug|Any CPU
		{5D91C1C5-AF6D-4967-BBEC-17B0546992AF}.Debug|x64.Deploy.0 = Debug|Any CPU
		{5D91C1C5-AF6D-4967-BBEC-17B0546992AF}.Debug|x86.ActiveCfg = Debug|x86
		{5D91C1C5-AF6D-4967-BBEC-17B0546992AF}.Debug|x86.Build.0 = Debug|x86
		{5D91C1C5-AF6D-4967-BBEC-17B0546992AF}.Debug|x86.Deploy.0 = Debug|x86
		{5D91C1C5-AF6D-4967-BBEC-17B0546992AF}.Release|Any CPU.ActiveCfg = Release|Any CPU
		{5D91C1C5-AF6D-4967-BBEC-17B0546992AF}.Release|Any CPU.Build.0 = Release|Any CPU
		{5D91C1C5-AF6D-4967-BBEC-17B0546992AF}.Release|Any CPU.Deploy.0 = Release|Any CPU
		{5D91C1C5-AF6D-4967-BBEC-17B0546992AF}.Release|ARM.ActiveCfg = Release|ARM
		{5D91C1C5-AF6D-4967-BBEC-17B0546992AF}.Release|ARM.Build.0 = Release|ARM
		{5D91C1C5-AF6D-4967-BBEC-17B0546992AF}.Release|ARM.Deploy.0 = Release|ARM
		{5D91C1C5-AF6D-4967-BBEC-17B0546992AF}.Release|iPhone.ActiveCfg = Release|Any CPU
		{5D91C1C5-AF6D-4967-BBEC-17B0546992AF}.Release|iPhone.Build.0 = Release|Any CPU
		{5D91C1C5-AF6D-4967-BBEC-17B0546992AF}.Release|iPhone.Deploy.0 = Release|Any CPU
		{5D91C1C5-AF6D-4967-BBEC-17B0546992AF}.Release|iPhoneSimulator.ActiveCfg = Release|Any CPU
		{5D91C1C5-AF6D-4967-BBEC-17B0546992AF}.Release|iPhoneSimulator.Build.0 = Release|Any CPU
		{5D91C1C5-AF6D-4967-BBEC-17B0546992AF}.Release|iPhoneSimulator.Deploy.0 = Release|Any CPU
		{5D91C1C5-AF6D-4967-BBEC-17B0546992AF}.Release|x64.ActiveCfg = Release|Any CPU
		{5D91C1C5-AF6D-4967-BBEC-17B0546992AF}.Release|x64.Build.0 = Release|Any CPU
		{5D91C1C5-AF6D-4967-BBEC-17B0546992AF}.Release|x64.Deploy.0 = Release|Any CPU
		{5D91C1C5-AF6D-4967-BBEC-17B0546992AF}.Release|x86.ActiveCfg = Release|x86
		{5D91C1C5-AF6D-4967-BBEC-17B0546992AF}.Release|x86.Build.0 = Release|x86
		{5D91C1C5-AF6D-4967-BBEC-17B0546992AF}.Release|x86.Deploy.0 = Release|x86
		{50025B0D-113B-45CD-B29B-4A374549657C}.Ad-Hoc|Any CPU.ActiveCfg = Release|x86
		{50025B0D-113B-45CD-B29B-4A374549657C}.Ad-Hoc|Any CPU.Build.0 = Release|x86
		{50025B0D-113B-45CD-B29B-4A374549657C}.Ad-Hoc|Any CPU.Deploy.0 = Release|x86
		{50025B0D-113B-45CD-B29B-4A374549657C}.Ad-Hoc|ARM.ActiveCfg = Release|ARM
		{50025B0D-113B-45CD-B29B-4A374549657C}.Ad-Hoc|ARM.Build.0 = Release|ARM
		{50025B0D-113B-45CD-B29B-4A374549657C}.Ad-Hoc|ARM.Deploy.0 = Release|ARM
		{50025B0D-113B-45CD-B29B-4A374549657C}.Ad-Hoc|iPhone.ActiveCfg = Release|x86
		{50025B0D-113B-45CD-B29B-4A374549657C}.Ad-Hoc|iPhone.Build.0 = Release|x86
		{50025B0D-113B-45CD-B29B-4A374549657C}.Ad-Hoc|iPhone.Deploy.0 = Release|x86
		{50025B0D-113B-45CD-B29B-4A374549657C}.Ad-Hoc|iPhoneSimulator.ActiveCfg = Release|x86
		{50025B0D-113B-45CD-B29B-4A374549657C}.Ad-Hoc|iPhoneSimulator.Build.0 = Release|x86
		{50025B0D-113B-45CD-B29B-4A374549657C}.Ad-Hoc|iPhoneSimulator.Deploy.0 = Release|x86
		{50025B0D-113B-45CD-B29B-4A374549657C}.Ad-Hoc|x64.ActiveCfg = Release|x64
		{50025B0D-113B-45CD-B29B-4A374549657C}.Ad-Hoc|x64.Build.0 = Release|x64
		{50025B0D-113B-45CD-B29B-4A374549657C}.Ad-Hoc|x64.Deploy.0 = Release|x64
		{50025B0D-113B-45CD-B29B-4A374549657C}.Ad-Hoc|x86.ActiveCfg = Release|x86
		{50025B0D-113B-45CD-B29B-4A374549657C}.Ad-Hoc|x86.Build.0 = Release|x86
		{50025B0D-113B-45CD-B29B-4A374549657C}.Ad-Hoc|x86.Deploy.0 = Release|x86
		{50025B0D-113B-45CD-B29B-4A374549657C}.AppStore|Any CPU.ActiveCfg = Release|x86
		{50025B0D-113B-45CD-B29B-4A374549657C}.AppStore|Any CPU.Build.0 = Release|x86
		{50025B0D-113B-45CD-B29B-4A374549657C}.AppStore|Any CPU.Deploy.0 = Release|x86
		{50025B0D-113B-45CD-B29B-4A374549657C}.AppStore|ARM.ActiveCfg = Release|ARM
		{50025B0D-113B-45CD-B29B-4A374549657C}.AppStore|ARM.Build.0 = Release|ARM
		{50025B0D-113B-45CD-B29B-4A374549657C}.AppStore|ARM.Deploy.0 = Release|ARM
		{50025B0D-113B-45CD-B29B-4A374549657C}.AppStore|iPhone.ActiveCfg = Release|x86
		{50025B0D-113B-45CD-B29B-4A374549657C}.AppStore|iPhone.Build.0 = Release|x86
		{50025B0D-113B-45CD-B29B-4A374549657C}.AppStore|iPhone.Deploy.0 = Release|x86
		{50025B0D-113B-45CD-B29B-4A374549657C}.AppStore|iPhoneSimulator.ActiveCfg = Release|x86
		{50025B0D-113B-45CD-B29B-4A374549657C}.AppStore|iPhoneSimulator.Build.0 = Release|x86
		{50025B0D-113B-45CD-B29B-4A374549657C}.AppStore|iPhoneSimulator.Deploy.0 = Release|x86
		{50025B0D-113B-45CD-B29B-4A374549657C}.AppStore|x64.ActiveCfg = Release|x64
		{50025B0D-113B-45CD-B29B-4A374549657C}.AppStore|x64.Build.0 = Release|x64
		{50025B0D-113B-45CD-B29B-4A374549657C}.AppStore|x64.Deploy.0 = Release|x64
		{50025B0D-113B-45CD-B29B-4A374549657C}.AppStore|x86.ActiveCfg = Release|x86
		{50025B0D-113B-45CD-B29B-4A374549657C}.AppStore|x86.Build.0 = Release|x86
		{50025B0D-113B-45CD-B29B-4A374549657C}.AppStore|x86.Deploy.0 = Release|x86
		{50025B0D-113B-45CD-B29B-4A374549657C}.Debug|Any CPU.ActiveCfg = Debug|x86
		{50025B0D-113B-45CD-B29B-4A374549657C}.Debug|ARM.ActiveCfg = Debug|ARM
		{50025B0D-113B-45CD-B29B-4A374549657C}.Debug|ARM.Build.0 = Debug|ARM
		{50025B0D-113B-45CD-B29B-4A374549657C}.Debug|ARM.Deploy.0 = Debug|ARM
		{50025B0D-113B-45CD-B29B-4A374549657C}.Debug|iPhone.ActiveCfg = Debug|x86
		{50025B0D-113B-45CD-B29B-4A374549657C}.Debug|iPhoneSimulator.ActiveCfg = Debug|x86
		{50025B0D-113B-45CD-B29B-4A374549657C}.Debug|x64.ActiveCfg = Debug|x64
		{50025B0D-113B-45CD-B29B-4A374549657C}.Debug|x64.Build.0 = Debug|x64
		{50025B0D-113B-45CD-B29B-4A374549657C}.Debug|x64.Deploy.0 = Debug|x64
		{50025B0D-113B-45CD-B29B-4A374549657C}.Debug|x86.ActiveCfg = Debug|x86
		{50025B0D-113B-45CD-B29B-4A374549657C}.Debug|x86.Build.0 = Debug|x86
		{50025B0D-113B-45CD-B29B-4A374549657C}.Debug|x86.Deploy.0 = Debug|x86
		{50025B0D-113B-45CD-B29B-4A374549657C}.Release|Any CPU.ActiveCfg = Release|x86
		{50025B0D-113B-45CD-B29B-4A374549657C}.Release|ARM.ActiveCfg = Release|ARM
		{50025B0D-113B-45CD-B29B-4A374549657C}.Release|ARM.Build.0 = Release|ARM
		{50025B0D-113B-45CD-B29B-4A374549657C}.Release|ARM.Deploy.0 = Release|ARM
		{50025B0D-113B-45CD-B29B-4A374549657C}.Release|iPhone.ActiveCfg = Release|x86
		{50025B0D-113B-45CD-B29B-4A374549657C}.Release|iPhoneSimulator.ActiveCfg = Release|x86
		{50025B0D-113B-45CD-B29B-4A374549657C}.Release|x64.ActiveCfg = Release|x64
		{50025B0D-113B-45CD-B29B-4A374549657C}.Release|x64.Build.0 = Release|x64
		{50025B0D-113B-45CD-B29B-4A374549657C}.Release|x64.Deploy.0 = Release|x64
		{50025B0D-113B-45CD-B29B-4A374549657C}.Release|x86.ActiveCfg = Release|x86
		{50025B0D-113B-45CD-B29B-4A374549657C}.Release|x86.Build.0 = Release|x86
		{50025B0D-113B-45CD-B29B-4A374549657C}.Release|x86.Deploy.0 = Release|x86
		{A337B0F3-7C7D-4FA2-848F-F95184BA044B}.Ad-Hoc|Any CPU.ActiveCfg = Release|Any CPU
		{A337B0F3-7C7D-4FA2-848F-F95184BA044B}.Ad-Hoc|Any CPU.Build.0 = Release|Any CPU
		{A337B0F3-7C7D-4FA2-848F-F95184BA044B}.Ad-Hoc|Any CPU.Deploy.0 = Release|Any CPU
		{A337B0F3-7C7D-4FA2-848F-F95184BA044B}.Ad-Hoc|ARM.ActiveCfg = Release|ARM
		{A337B0F3-7C7D-4FA2-848F-F95184BA044B}.Ad-Hoc|ARM.Build.0 = Release|ARM
		{A337B0F3-7C7D-4FA2-848F-F95184BA044B}.Ad-Hoc|ARM.Deploy.0 = Release|ARM
		{A337B0F3-7C7D-4FA2-848F-F95184BA044B}.Ad-Hoc|iPhone.ActiveCfg = Release|Any CPU
		{A337B0F3-7C7D-4FA2-848F-F95184BA044B}.Ad-Hoc|iPhone.Build.0 = Release|Any CPU
		{A337B0F3-7C7D-4FA2-848F-F95184BA044B}.Ad-Hoc|iPhone.Deploy.0 = Release|Any CPU
		{A337B0F3-7C7D-4FA2-848F-F95184BA044B}.Ad-Hoc|iPhoneSimulator.ActiveCfg = Release|Any CPU
		{A337B0F3-7C7D-4FA2-848F-F95184BA044B}.Ad-Hoc|iPhoneSimulator.Build.0 = Release|Any CPU
		{A337B0F3-7C7D-4FA2-848F-F95184BA044B}.Ad-Hoc|iPhoneSimulator.Deploy.0 = Release|Any CPU
		{A337B0F3-7C7D-4FA2-848F-F95184BA044B}.Ad-Hoc|x64.ActiveCfg = Release|x64
		{A337B0F3-7C7D-4FA2-848F-F95184BA044B}.Ad-Hoc|x64.Build.0 = Release|x64
		{A337B0F3-7C7D-4FA2-848F-F95184BA044B}.Ad-Hoc|x64.Deploy.0 = Release|x64
		{A337B0F3-7C7D-4FA2-848F-F95184BA044B}.Ad-Hoc|x86.ActiveCfg = Release|x86
		{A337B0F3-7C7D-4FA2-848F-F95184BA044B}.Ad-Hoc|x86.Build.0 = Release|x86
		{A337B0F3-7C7D-4FA2-848F-F95184BA044B}.Ad-Hoc|x86.Deploy.0 = Release|x86
		{A337B0F3-7C7D-4FA2-848F-F95184BA044B}.AppStore|Any CPU.ActiveCfg = Release|Any CPU
		{A337B0F3-7C7D-4FA2-848F-F95184BA044B}.AppStore|Any CPU.Build.0 = Release|Any CPU
		{A337B0F3-7C7D-4FA2-848F-F95184BA044B}.AppStore|Any CPU.Deploy.0 = Release|Any CPU
		{A337B0F3-7C7D-4FA2-848F-F95184BA044B}.AppStore|ARM.ActiveCfg = Release|ARM
		{A337B0F3-7C7D-4FA2-848F-F95184BA044B}.AppStore|ARM.Build.0 = Release|ARM
		{A337B0F3-7C7D-4FA2-848F-F95184BA044B}.AppStore|ARM.Deploy.0 = Release|ARM
		{A337B0F3-7C7D-4FA2-848F-F95184BA044B}.AppStore|iPhone.ActiveCfg = Release|Any CPU
		{A337B0F3-7C7D-4FA2-848F-F95184BA044B}.AppStore|iPhone.Build.0 = Release|Any CPU
		{A337B0F3-7C7D-4FA2-848F-F95184BA044B}.AppStore|iPhone.Deploy.0 = Release|Any CPU
		{A337B0F3-7C7D-4FA2-848F-F95184BA044B}.AppStore|iPhoneSimulator.ActiveCfg = Release|Any CPU
		{A337B0F3-7C7D-4FA2-848F-F95184BA044B}.AppStore|iPhoneSimulator.Build.0 = Release|Any CPU
		{A337B0F3-7C7D-4FA2-848F-F95184BA044B}.AppStore|iPhoneSimulator.Deploy.0 = Release|Any CPU
		{A337B0F3-7C7D-4FA2-848F-F95184BA044B}.AppStore|x64.ActiveCfg = Release|x64
		{A337B0F3-7C7D-4FA2-848F-F95184BA044B}.AppStore|x64.Build.0 = Release|x64
		{A337B0F3-7C7D-4FA2-848F-F95184BA044B}.AppStore|x64.Deploy.0 = Release|x64
		{A337B0F3-7C7D-4FA2-848F-F95184BA044B}.AppStore|x86.ActiveCfg = Release|x86
		{A337B0F3-7C7D-4FA2-848F-F95184BA044B}.AppStore|x86.Build.0 = Release|x86
		{A337B0F3-7C7D-4FA2-848F-F95184BA044B}.AppStore|x86.Deploy.0 = Release|x86
		{A337B0F3-7C7D-4FA2-848F-F95184BA044B}.Debug|Any CPU.ActiveCfg = Debug|Any CPU
		{A337B0F3-7C7D-4FA2-848F-F95184BA044B}.Debug|Any CPU.Build.0 = Debug|Any CPU
		{A337B0F3-7C7D-4FA2-848F-F95184BA044B}.Debug|Any CPU.Deploy.0 = Debug|Any CPU
		{A337B0F3-7C7D-4FA2-848F-F95184BA044B}.Debug|ARM.ActiveCfg = Debug|ARM
		{A337B0F3-7C7D-4FA2-848F-F95184BA044B}.Debug|ARM.Build.0 = Debug|ARM
		{A337B0F3-7C7D-4FA2-848F-F95184BA044B}.Debug|ARM.Deploy.0 = Debug|ARM
		{A337B0F3-7C7D-4FA2-848F-F95184BA044B}.Debug|iPhone.ActiveCfg = Debug|Any CPU
		{A337B0F3-7C7D-4FA2-848F-F95184BA044B}.Debug|iPhone.Build.0 = Debug|Any CPU
		{A337B0F3-7C7D-4FA2-848F-F95184BA044B}.Debug|iPhone.Deploy.0 = Debug|Any CPU
		{A337B0F3-7C7D-4FA2-848F-F95184BA044B}.Debug|iPhoneSimulator.ActiveCfg = Debug|Any CPU
		{A337B0F3-7C7D-4FA2-848F-F95184BA044B}.Debug|iPhoneSimulator.Build.0 = Debug|Any CPU
		{A337B0F3-7C7D-4FA2-848F-F95184BA044B}.Debug|iPhoneSimulator.Deploy.0 = Debug|Any CPU
		{A337B0F3-7C7D-4FA2-848F-F95184BA044B}.Debug|x64.ActiveCfg = Debug|x64
		{A337B0F3-7C7D-4FA2-848F-F95184BA044B}.Debug|x64.Build.0 = Debug|x64
		{A337B0F3-7C7D-4FA2-848F-F95184BA044B}.Debug|x64.Deploy.0 = Debug|x64
		{A337B0F3-7C7D-4FA2-848F-F95184BA044B}.Debug|x86.ActiveCfg = Debug|x86
		{A337B0F3-7C7D-4FA2-848F-F95184BA044B}.Debug|x86.Build.0 = Debug|x86
		{A337B0F3-7C7D-4FA2-848F-F95184BA044B}.Debug|x86.Deploy.0 = Debug|x86
		{A337B0F3-7C7D-4FA2-848F-F95184BA044B}.Release|Any CPU.ActiveCfg = Release|Any CPU
		{A337B0F3-7C7D-4FA2-848F-F95184BA044B}.Release|Any CPU.Build.0 = Release|Any CPU
		{A337B0F3-7C7D-4FA2-848F-F95184BA044B}.Release|Any CPU.Deploy.0 = Release|Any CPU
		{A337B0F3-7C7D-4FA2-848F-F95184BA044B}.Release|ARM.ActiveCfg = Release|ARM
		{A337B0F3-7C7D-4FA2-848F-F95184BA044B}.Release|ARM.Build.0 = Release|ARM
		{A337B0F3-7C7D-4FA2-848F-F95184BA044B}.Release|ARM.Deploy.0 = Release|ARM
		{A337B0F3-7C7D-4FA2-848F-F95184BA044B}.Release|iPhone.ActiveCfg = Release|Any CPU
		{A337B0F3-7C7D-4FA2-848F-F95184BA044B}.Release|iPhone.Build.0 = Release|Any CPU
		{A337B0F3-7C7D-4FA2-848F-F95184BA044B}.Release|iPhone.Deploy.0 = Release|Any CPU
		{A337B0F3-7C7D-4FA2-848F-F95184BA044B}.Release|iPhoneSimulator.ActiveCfg = Release|Any CPU
		{A337B0F3-7C7D-4FA2-848F-F95184BA044B}.Release|iPhoneSimulator.Build.0 = Release|Any CPU
		{A337B0F3-7C7D-4FA2-848F-F95184BA044B}.Release|iPhoneSimulator.Deploy.0 = Release|Any CPU
		{A337B0F3-7C7D-4FA2-848F-F95184BA044B}.Release|x64.ActiveCfg = Release|x64
		{A337B0F3-7C7D-4FA2-848F-F95184BA044B}.Release|x64.Build.0 = Release|x64
		{A337B0F3-7C7D-4FA2-848F-F95184BA044B}.Release|x64.Deploy.0 = Release|x64
		{A337B0F3-7C7D-4FA2-848F-F95184BA044B}.Release|x86.ActiveCfg = Release|x86
		{A337B0F3-7C7D-4FA2-848F-F95184BA044B}.Release|x86.Build.0 = Release|x86
		{A337B0F3-7C7D-4FA2-848F-F95184BA044B}.Release|x86.Deploy.0 = Release|x86
	EndGlobalSection
	GlobalSection(SolutionProperties) = preSolution
		HideSolutionNode = FALSE
	EndGlobalSection
EndGlobal
